
Microsoft Visual Studio Solution File, Format Version 12.00
# Visual Studio Version 17
VisualStudioVersion = 17.7.34024.191
MinimumVisualStudioVersion = 10.0.40219.1
Project("{FAE04EC0-301F-11D3-BF4B-00C04F79EFBC}") = "WpfApp3", "WpfApp3\WpfApp3.csproj", "{47807C59-6592-4774-9F36-0F34FE7C1CCA}"
EndProject
Global
	GlobalSection(SolutionConfigurationPlatforms) = preSolution
		Debug|Any CPU = Debug|Any CPU
		Release|Any CPU = Release|Any CPU
	EndGlobalSection
	GlobalSection(ProjectConfigurationPlatforms) = postSolution
		{47807C59-6592-4774-9F36-0F34FE7C1CCA}.Debug|Any CPU.ActiveCfg = Debug|Any CPU
		{47807C59-6592-4774-9F36-0F34FE7C1CCA}.Debug|Any CPU.Build.0 = Debug|Any CPU
		{47807C59-6592-4774-9F36-0F34FE7C1CCA}.Release|Any CPU.ActiveCfg = Release|Any CPU
		{47807C59-6592-4774-9F36-0F34FE7C1CCA}.Release|Any CPU.Build.0 = Release|Any CPU
	EndGlobalSection
	GlobalSection(SolutionProperties) = preSolution
		HideSolutionNode = FALSE
	EndGlobalSection
	GlobalSection(ExtensibilityGlobals) = postSolution
		SolutionGuid = {0448886A-B009-4AA8-80EE-97E8D95B44C5}
	EndGlobalSection
EndGlobal
